// !$*UTF8*$!
{
	archiveVersion = 1;
	classes = {
	};
	objectVersion = 51;
	objects = {

/* Begin PBXBuildFile section */
		299AD8E8231EE76200CC6932 /* AppDelegate.swift in Sources */ = {isa = PBXBuildFile; fileRef = 299AD8E7231EE76200CC6932 /* AppDelegate.swift */; };
		299AD8EA231EE76200CC6932 /* ViewController.swift in Sources */ = {isa = PBXBuildFile; fileRef = 299AD8E9231EE76200CC6932 /* ViewController.swift */; };
		299AD8ED231EE76200CC6932 /* Main.storyboard in Resources */ = {isa = PBXBuildFile; fileRef = 299AD8EB231EE76200CC6932 /* Main.storyboard */; };
		299AD8EF231EE76300CC6932 /* Assets.xcassets in Resources */ = {isa = PBXBuildFile; fileRef = 299AD8EE231EE76300CC6932 /* Assets.xcassets */; };
		299AD8F2231EE76300CC6932 /* LaunchScreen.storyboard in Resources */ = {isa = PBXBuildFile; fileRef = 299AD8F0231EE76300CC6932 /* LaunchScreen.storyboard */; };
		299AD8FD231EE76300CC6932 /* MainViewModelTests.swift in Sources */ = {isa = PBXBuildFile; fileRef = 299AD8FC231EE76300CC6932 /* MainViewModelTests.swift */; };
		299AD908231EE76300CC6932 /* CurrencyLayeriOSUITests.swift in Sources */ = {isa = PBXBuildFile; fileRef = 299AD907231EE76300CC6932 /* CurrencyLayeriOSUITests.swift */; };
		299AD917231EE90A00CC6932 /* CurrencyListAPI.swift in Sources */ = {isa = PBXBuildFile; fileRef = 299AD916231EE90A00CC6932 /* CurrencyListAPI.swift */; };
		299AD920231F05B200CC6932 /* Reachability.framework in Frameworks */ = {isa = PBXBuildFile; fileRef = 299AD91C231F05B200CC6932 /* Reachability.framework */; };
		299AD921231F05B200CC6932 /* RxSwift.framework in Frameworks */ = {isa = PBXBuildFile; fileRef = 299AD91D231F05B200CC6932 /* RxSwift.framework */; };
		299AD922231F05B200CC6932 /* RxRelay.framework in Frameworks */ = {isa = PBXBuildFile; fileRef = 299AD91E231F05B200CC6932 /* RxRelay.framework */; };
		299AD923231F05B200CC6932 /* RxCocoa.framework in Frameworks */ = {isa = PBXBuildFile; fileRef = 299AD91F231F05B200CC6932 /* RxCocoa.framework */; };
		299AD925231F21F200CC6932 /* ListRepository.swift in Sources */ = {isa = PBXBuildFile; fileRef = 299AD924231F21F200CC6932 /* ListRepository.swift */; };
		299AD927231F225300CC6932 /* LIveRepository.swift in Sources */ = {isa = PBXBuildFile; fileRef = 299AD926231F225300CC6932 /* LIveRepository.swift */; };
		299AD929231F22A000CC6932 /* CurrencyLiveAPI.swift in Sources */ = {isa = PBXBuildFile; fileRef = 299AD928231F22A000CC6932 /* CurrencyLiveAPI.swift */; };
		299AD92B231F22F500CC6932 /* APIError.swift in Sources */ = {isa = PBXBuildFile; fileRef = 299AD92A231F22F500CC6932 /* APIError.swift */; };
		299AD92F231F42C500CC6932 /* CurrencyCell.swift in Sources */ = {isa = PBXBuildFile; fileRef = 299AD92E231F42C500CC6932 /* CurrencyCell.swift */; };
		299AD931231F42D300CC6932 /* CurrencyCell.xib in Resources */ = {isa = PBXBuildFile; fileRef = 299AD930231F42D300CC6932 /* CurrencyCell.xib */; };
		299AD933231F6B2800CC6932 /* CurrencyService.swift in Sources */ = {isa = PBXBuildFile; fileRef = 299AD932231F6B2800CC6932 /* CurrencyService.swift */; };
		299AD935231F6B4500CC6932 /* MainViewModel.swift in Sources */ = {isa = PBXBuildFile; fileRef = 299AD934231F6B4500CC6932 /* MainViewModel.swift */; };
		299AD93723212FDC00CC6932 /* LocalCache.swift in Sources */ = {isa = PBXBuildFile; fileRef = 299AD93623212FDC00CC6932 /* LocalCache.swift */; };
		299AD9392321466400CC6932 /* QuoteTests.swift in Sources */ = {isa = PBXBuildFile; fileRef = 299AD9382321466400CC6932 /* QuoteTests.swift */; };
		299AD93B2321484400CC6932 /* ExchangeTests.swift in Sources */ = {isa = PBXBuildFile; fileRef = 299AD93A2321484400CC6932 /* ExchangeTests.swift */; };
		299AD93D23214F1E00CC6932 /* RxTest.framework in Frameworks */ = {isa = PBXBuildFile; fileRef = 299AD93C23214F1E00CC6932 /* RxTest.framework */; };
		299AD93E23214F3600CC6932 /* RxCocoa.framework in Frameworks */ = {isa = PBXBuildFile; fileRef = 299AD91F231F05B200CC6932 /* RxCocoa.framework */; };
		299AD93F23214F3600CC6932 /* RxRelay.framework in Frameworks */ = {isa = PBXBuildFile; fileRef = 299AD91E231F05B200CC6932 /* RxRelay.framework */; };
		299AD94023214F3600CC6932 /* RxSwift.framework in Frameworks */ = {isa = PBXBuildFile; fileRef = 299AD91D231F05B200CC6932 /* RxSwift.framework */; };
		299AD94223214F3600CC6932 /* RxBlocking.framework in Frameworks */ = {isa = PBXBuildFile; fileRef = 299AD94123214F3600CC6932 /* RxBlocking.framework */; };
		299AD94423214F8E00CC6932 /* RxBlocking.framework in CopyFiles */ = {isa = PBXBuildFile; fileRef = 299AD94123214F3600CC6932 /* RxBlocking.framework */; settings = {ATTRIBUTES = (CodeSignOnCopy, RemoveHeadersOnCopy, ); }; };
		299AD94523214F8E00CC6932 /* RxTest.framework in CopyFiles */ = {isa = PBXBuildFile; fileRef = 299AD93C23214F1E00CC6932 /* RxTest.framework */; settings = {ATTRIBUTES = (CodeSignOnCopy, RemoveHeadersOnCopy, ); }; };
		299AD94623214F8E00CC6932 /* Reachability.framework in CopyFiles */ = {isa = PBXBuildFile; fileRef = 299AD91C231F05B200CC6932 /* Reachability.framework */; settings = {ATTRIBUTES = (CodeSignOnCopy, RemoveHeadersOnCopy, ); }; };
		299AD94723214F8E00CC6932 /* RxCocoa.framework in CopyFiles */ = {isa = PBXBuildFile; fileRef = 299AD91F231F05B200CC6932 /* RxCocoa.framework */; settings = {ATTRIBUTES = (CodeSignOnCopy, RemoveHeadersOnCopy, ); }; };
		299AD94823214F8E00CC6932 /* RxRelay.framework in CopyFiles */ = {isa = PBXBuildFile; fileRef = 299AD91E231F05B200CC6932 /* RxRelay.framework */; settings = {ATTRIBUTES = (CodeSignOnCopy, RemoveHeadersOnCopy, ); }; };
		299AD94923214F8E00CC6932 /* RxSwift.framework in CopyFiles */ = {isa = PBXBuildFile; fileRef = 299AD91D231F05B200CC6932 /* RxSwift.framework */; settings = {ATTRIBUTES = (CodeSignOnCopy, RemoveHeadersOnCopy, ); }; };
/* End PBXBuildFile section */

/* Begin PBXContainerItemProxy section */
		299AD8F9231EE76300CC6932 /* PBXContainerItemProxy */ = {
			isa = PBXContainerItemProxy;
			containerPortal = 299AD8DC231EE76200CC6932 /* Project object */;
			proxyType = 1;
			remoteGlobalIDString = 299AD8E3231EE76200CC6932;
			remoteInfo = CurrencyLayeriOS;
		};
		299AD904231EE76300CC6932 /* PBXContainerItemProxy */ = {
			isa = PBXContainerItemProxy;
			containerPortal = 299AD8DC231EE76200CC6932 /* Project object */;
			proxyType = 1;
			remoteGlobalIDString = 299AD8E3231EE76200CC6932;
			remoteInfo = CurrencyLayeriOS;
		};
/* End PBXContainerItemProxy section */

/* Begin PBXCopyFilesBuildPhase section */
		299AD94323214F7C00CC6932 /* CopyFiles */ = {
			isa = PBXCopyFilesBuildPhase;
			buildActionMask = 2147483647;
			dstPath = "";
			dstSubfolderSpec = 10;
			files = (
				299AD94423214F8E00CC6932 /* RxBlocking.framework in CopyFiles */,
				299AD94523214F8E00CC6932 /* RxTest.framework in CopyFiles */,
				299AD94623214F8E00CC6932 /* Reachability.framework in CopyFiles */,
				299AD94723214F8E00CC6932 /* RxCocoa.framework in CopyFiles */,
				299AD94823214F8E00CC6932 /* RxRelay.framework in CopyFiles */,
				299AD94923214F8E00CC6932 /* RxSwift.framework in CopyFiles */,
			);
			runOnlyForDeploymentPostprocessing = 0;
		};
/* End PBXCopyFilesBuildPhase section */

/* Begin PBXFileReference section */
		299AD8E4231EE76200CC6932 /* CurrencyLayeriOS.app */ = {isa = PBXFileReference; explicitFileType = wrapper.application; includeInIndex = 0; path = CurrencyLayeriOS.app; sourceTree = BUILT_PRODUCTS_DIR; };
		299AD8E7231EE76200CC6932 /* AppDelegate.swift */ = {isa = PBXFileReference; lastKnownFileType = sourcecode.swift; path = AppDelegate.swift; sourceTree = "<group>"; };
		299AD8E9231EE76200CC6932 /* ViewController.swift */ = {isa = PBXFileReference; lastKnownFileType = sourcecode.swift; path = ViewController.swift; sourceTree = "<group>"; };
		299AD8EC231EE76200CC6932 /* Base */ = {isa = PBXFileReference; lastKnownFileType = file.storyboard; name = Base; path = Base.lproj/Main.storyboard; sourceTree = "<group>"; };
		299AD8EE231EE76300CC6932 /* Assets.xcassets */ = {isa = PBXFileReference; lastKnownFileType = folder.assetcatalog; path = Assets.xcassets; sourceTree = "<group>"; };
		299AD8F1231EE76300CC6932 /* Base */ = {isa = PBXFileReference; lastKnownFileType = file.storyboard; name = Base; path = Base.lproj/LaunchScreen.storyboard; sourceTree = "<group>"; };
		299AD8F3231EE76300CC6932 /* Info.plist */ = {isa = PBXFileReference; lastKnownFileType = text.plist.xml; path = Info.plist; sourceTree = "<group>"; };
		299AD8F8231EE76300CC6932 /* CurrencyLayeriOSTests.xctest */ = {isa = PBXFileReference; explicitFileType = wrapper.cfbundle; includeInIndex = 0; path = CurrencyLayeriOSTests.xctest; sourceTree = BUILT_PRODUCTS_DIR; };
		299AD8FC231EE76300CC6932 /* MainViewModelTests.swift */ = {isa = PBXFileReference; lastKnownFileType = sourcecode.swift; path = MainViewModelTests.swift; sourceTree = "<group>"; };
		299AD8FE231EE76300CC6932 /* Info.plist */ = {isa = PBXFileReference; lastKnownFileType = text.plist.xml; path = Info.plist; sourceTree = "<group>"; };
		299AD903231EE76300CC6932 /* CurrencyLayeriOSUITests.xctest */ = {isa = PBXFileReference; explicitFileType = wrapper.cfbundle; includeInIndex = 0; path = CurrencyLayeriOSUITests.xctest; sourceTree = BUILT_PRODUCTS_DIR; };
		299AD907231EE76300CC6932 /* CurrencyLayeriOSUITests.swift */ = {isa = PBXFileReference; lastKnownFileType = sourcecode.swift; path = CurrencyLayeriOSUITests.swift; sourceTree = "<group>"; };
		299AD909231EE76300CC6932 /* Info.plist */ = {isa = PBXFileReference; lastKnownFileType = text.plist.xml; path = Info.plist; sourceTree = "<group>"; };
		299AD916231EE90A00CC6932 /* CurrencyListAPI.swift */ = {isa = PBXFileReference; lastKnownFileType = sourcecode.swift; path = CurrencyListAPI.swift; sourceTree = "<group>"; };
		299AD918231F03E900CC6932 /* input.xcfilelist */ = {isa = PBXFileReference; lastKnownFileType = text.xcfilelist; path = input.xcfilelist; sourceTree = "<group>"; };
		299AD919231F042900CC6932 /* output.xcfilelist */ = {isa = PBXFileReference; lastKnownFileType = text.xcfilelist; path = output.xcfilelist; sourceTree = "<group>"; };
		299AD91C231F05B200CC6932 /* Reachability.framework */ = {isa = PBXFileReference; lastKnownFileType = wrapper.framework; name = Reachability.framework; path = Carthage/Build/iOS/Reachability.framework; sourceTree = "<group>"; };
		299AD91D231F05B200CC6932 /* RxSwift.framework */ = {isa = PBXFileReference; lastKnownFileType = wrapper.framework; name = RxSwift.framework; path = Carthage/Build/iOS/RxSwift.framework; sourceTree = "<group>"; };
		299AD91E231F05B200CC6932 /* RxRelay.framework */ = {isa = PBXFileReference; lastKnownFileType = wrapper.framework; name = RxRelay.framework; path = Carthage/Build/iOS/RxRelay.framework; sourceTree = "<group>"; };
		299AD91F231F05B200CC6932 /* RxCocoa.framework */ = {isa = PBXFileReference; lastKnownFileType = wrapper.framework; name = RxCocoa.framework; path = Carthage/Build/iOS/RxCocoa.framework; sourceTree = "<group>"; };
		299AD924231F21F200CC6932 /* ListRepository.swift */ = {isa = PBXFileReference; lastKnownFileType = sourcecode.swift; path = ListRepository.swift; sourceTree = "<group>"; };
		299AD926231F225300CC6932 /* LIveRepository.swift */ = {isa = PBXFileReference; lastKnownFileType = sourcecode.swift; path = LIveRepository.swift; sourceTree = "<group>"; };
		299AD928231F22A000CC6932 /* CurrencyLiveAPI.swift */ = {isa = PBXFileReference; lastKnownFileType = sourcecode.swift; path = CurrencyLiveAPI.swift; sourceTree = "<group>"; };
		299AD92A231F22F500CC6932 /* APIError.swift */ = {isa = PBXFileReference; lastKnownFileType = sourcecode.swift; path = APIError.swift; sourceTree = "<group>"; };
		299AD92E231F42C500CC6932 /* CurrencyCell.swift */ = {isa = PBXFileReference; lastKnownFileType = sourcecode.swift; path = CurrencyCell.swift; sourceTree = "<group>"; };
		299AD930231F42D300CC6932 /* CurrencyCell.xib */ = {isa = PBXFileReference; lastKnownFileType = file.xib; path = CurrencyCell.xib; sourceTree = "<group>"; };
		299AD932231F6B2800CC6932 /* CurrencyService.swift */ = {isa = PBXFileReference; lastKnownFileType = sourcecode.swift; path = CurrencyService.swift; sourceTree = "<group>"; };
		299AD934231F6B4500CC6932 /* MainViewModel.swift */ = {isa = PBXFileReference; lastKnownFileType = sourcecode.swift; path = MainViewModel.swift; sourceTree = "<group>"; };
		299AD93623212FDC00CC6932 /* LocalCache.swift */ = {isa = PBXFileReference; lastKnownFileType = sourcecode.swift; path = LocalCache.swift; sourceTree = "<group>"; };
		299AD9382321466400CC6932 /* QuoteTests.swift */ = {isa = PBXFileReference; lastKnownFileType = sourcecode.swift; path = QuoteTests.swift; sourceTree = "<group>"; };
		299AD93A2321484400CC6932 /* ExchangeTests.swift */ = {isa = PBXFileReference; lastKnownFileType = sourcecode.swift; path = ExchangeTests.swift; sourceTree = "<group>"; };
		299AD93C23214F1E00CC6932 /* RxTest.framework */ = {isa = PBXFileReference; lastKnownFileType = wrapper.framework; name = RxTest.framework; path = Carthage/Build/iOS/RxTest.framework; sourceTree = "<group>"; };
		299AD94123214F3600CC6932 /* RxBlocking.framework */ = {isa = PBXFileReference; lastKnownFileType = wrapper.framework; name = RxBlocking.framework; path = Carthage/Build/iOS/RxBlocking.framework; sourceTree = "<group>"; };
/* End PBXFileReference section */

/* Begin PBXFrameworksBuildPhase section */
		299AD8E1231EE76200CC6932 /* Frameworks */ = {
			isa = PBXFrameworksBuildPhase;
			buildActionMask = 2147483647;
			files = (
				299AD920231F05B200CC6932 /* Reachability.framework in Frameworks */,
				299AD921231F05B200CC6932 /* RxSwift.framework in Frameworks */,
				299AD922231F05B200CC6932 /* RxRelay.framework in Frameworks */,
				299AD923231F05B200CC6932 /* RxCocoa.framework in Frameworks */,
			);
			runOnlyForDeploymentPostprocessing = 0;
		};
		299AD8F5231EE76300CC6932 /* Frameworks */ = {
			isa = PBXFrameworksBuildPhase;
			buildActionMask = 2147483647;
			files = (
				299AD94223214F3600CC6932 /* RxBlocking.framework in Frameworks */,
				299AD93E23214F3600CC6932 /* RxCocoa.framework in Frameworks */,
				299AD93F23214F3600CC6932 /* RxRelay.framework in Frameworks */,
				299AD94023214F3600CC6932 /* RxSwift.framework in Frameworks */,
				299AD93D23214F1E00CC6932 /* RxTest.framework in Frameworks */,
			);
			runOnlyForDeploymentPostprocessing = 0;
		};
		299AD900231EE76300CC6932 /* Frameworks */ = {
			isa = PBXFrameworksBuildPhase;
			buildActionMask = 2147483647;
			files = (
			);
			runOnlyForDeploymentPostprocessing = 0;
		};
/* End PBXFrameworksBuildPhase section */

/* Begin PBXGroup section */
		299AD8DB231EE76200CC6932 = {
			isa = PBXGroup;
			children = (
				299AD918231F03E900CC6932 /* input.xcfilelist */,
				299AD919231F042900CC6932 /* output.xcfilelist */,
				299AD8E6231EE76200CC6932 /* CurrencyLayeriOS */,
				299AD8FB231EE76300CC6932 /* CurrencyLayeriOSTests */,
				299AD906231EE76300CC6932 /* CurrencyLayeriOSUITests */,
				299AD8E5231EE76200CC6932 /* Products */,
				299AD91B231F05B200CC6932 /* Frameworks */,
			);
			sourceTree = "<group>";
		};
		299AD8E5231EE76200CC6932 /* Products */ = {
			isa = PBXGroup;
			children = (
				299AD8E4231EE76200CC6932 /* CurrencyLayeriOS.app */,
				299AD8F8231EE76300CC6932 /* CurrencyLayeriOSTests.xctest */,
				299AD903231EE76300CC6932 /* CurrencyLayeriOSUITests.xctest */,
			);
			name = Products;
			sourceTree = "<group>";
		};
		299AD8E6231EE76200CC6932 /* CurrencyLayeriOS */ = {
			isa = PBXGroup;
			children = (
				299AD8E7231EE76200CC6932 /* AppDelegate.swift */,
				299AD8EB231EE76200CC6932 /* Main.storyboard */,
				299AD8E9231EE76200CC6932 /* ViewController.swift */,
				299AD934231F6B4500CC6932 /* MainViewModel.swift */,
				299AD932231F6B2800CC6932 /* CurrencyService.swift */,
				299AD92D231F42A900CC6932 /* CurrencyCell */,
				299AD92C231F247E00CC6932 /* Repository */,
				299AD915231EE8D000CC6932 /* API */,
				299AD8EE231EE76300CC6932 /* Assets.xcassets */,
				299AD8F0231EE76300CC6932 /* LaunchScreen.storyboard */,
				299AD8F3231EE76300CC6932 /* Info.plist */,
			);
			path = CurrencyLayeriOS;
			sourceTree = "<group>";
		};
		299AD8FB231EE76300CC6932 /* CurrencyLayeriOSTests */ = {
			isa = PBXGroup;
			children = (
				299AD9382321466400CC6932 /* QuoteTests.swift */,
				299AD93A2321484400CC6932 /* ExchangeTests.swift */,
				299AD8FC231EE76300CC6932 /* MainViewModelTests.swift */,
				299AD8FE231EE76300CC6932 /* Info.plist */,
			);
			path = CurrencyLayeriOSTests;
			sourceTree = "<group>";
		};
		299AD906231EE76300CC6932 /* CurrencyLayeriOSUITests */ = {
			isa = PBXGroup;
			children = (
				299AD907231EE76300CC6932 /* CurrencyLayeriOSUITests.swift */,
				299AD909231EE76300CC6932 /* Info.plist */,
			);
			path = CurrencyLayeriOSUITests;
			sourceTree = "<group>";
		};
		299AD915231EE8D000CC6932 /* API */ = {
			isa = PBXGroup;
			children = (
				299AD92A231F22F500CC6932 /* APIError.swift */,
				299AD916231EE90A00CC6932 /* CurrencyListAPI.swift */,
				299AD928231F22A000CC6932 /* CurrencyLiveAPI.swift */,
			);
			path = API;
			sourceTree = "<group>";
		};
		299AD91B231F05B200CC6932 /* Frameworks */ = {
			isa = PBXGroup;
			children = (
				299AD94123214F3600CC6932 /* RxBlocking.framework */,
				299AD93C23214F1E00CC6932 /* RxTest.framework */,
				299AD91C231F05B200CC6932 /* Reachability.framework */,
				299AD91F231F05B200CC6932 /* RxCocoa.framework */,
				299AD91E231F05B200CC6932 /* RxRelay.framework */,
				299AD91D231F05B200CC6932 /* RxSwift.framework */,
			);
			name = Frameworks;
			sourceTree = "<group>";
		};
		299AD92C231F247E00CC6932 /* Repository */ = {
			isa = PBXGroup;
			children = (
				299AD924231F21F200CC6932 /* ListRepository.swift */,
				299AD926231F225300CC6932 /* LIveRepository.swift */,
				299AD93623212FDC00CC6932 /* LocalCache.swift */,
			);
			path = Repository;
			sourceTree = "<group>";
		};
		299AD92D231F42A900CC6932 /* CurrencyCell */ = {
			isa = PBXGroup;
			children = (
				299AD930231F42D300CC6932 /* CurrencyCell.xib */,
				299AD92E231F42C500CC6932 /* CurrencyCell.swift */,
			);
			path = CurrencyCell;
			sourceTree = "<group>";
		};
/* End PBXGroup section */

/* Begin PBXNativeTarget section */
		299AD8E3231EE76200CC6932 /* CurrencyLayeriOS */ = {
			isa = PBXNativeTarget;
			buildConfigurationList = 299AD90C231EE76300CC6932 /* Build configuration list for PBXNativeTarget "CurrencyLayeriOS" */;
			buildPhases = (
				299AD8E0231EE76200CC6932 /* Sources */,
				299AD8E1231EE76200CC6932 /* Frameworks */,
				299AD8E2231EE76200CC6932 /* Resources */,
				299AD91A231F047800CC6932 /* Carthage */,
			);
			buildRules = (
			);
			dependencies = (
			);
			name = CurrencyLayeriOS;
			productName = CurrencyLayeriOS;
			productReference = 299AD8E4231EE76200CC6932 /* CurrencyLayeriOS.app */;
			productType = "com.apple.product-type.application";
		};
		299AD8F7231EE76300CC6932 /* CurrencyLayeriOSTests */ = {
			isa = PBXNativeTarget;
			buildConfigurationList = 299AD90F231EE76300CC6932 /* Build configuration list for PBXNativeTarget "CurrencyLayeriOSTests" */;
			buildPhases = (
				299AD8F4231EE76300CC6932 /* Sources */,
				299AD8F5231EE76300CC6932 /* Frameworks */,
				299AD8F6231EE76300CC6932 /* Resources */,
				299AD94323214F7C00CC6932 /* CopyFiles */,
			);
			buildRules = (
			);
			dependencies = (
				299AD8FA231EE76300CC6932 /* PBXTargetDependency */,
			);
			name = CurrencyLayeriOSTests;
			productName = CurrencyLayeriOSTests;
			productReference = 299AD8F8231EE76300CC6932 /* CurrencyLayeriOSTests.xctest */;
			productType = "com.apple.product-type.bundle.unit-test";
		};
		299AD902231EE76300CC6932 /* CurrencyLayeriOSUITests */ = {
			isa = PBXNativeTarget;
			buildConfigurationList = 299AD912231EE76300CC6932 /* Build configuration list for PBXNativeTarget "CurrencyLayeriOSUITests" */;
			buildPhases = (
				299AD8FF231EE76300CC6932 /* Sources */,
				299AD900231EE76300CC6932 /* Frameworks */,
				299AD901231EE76300CC6932 /* Resources */,
			);
			buildRules = (
			);
			dependencies = (
				299AD905231EE76300CC6932 /* PBXTargetDependency */,
			);
			name = CurrencyLayeriOSUITests;
			productName = CurrencyLayeriOSUITests;
			productReference = 299AD903231EE76300CC6932 /* CurrencyLayeriOSUITests.xctest */;
			productType = "com.apple.product-type.bundle.ui-testing";
		};
/* End PBXNativeTarget section */

/* Begin PBXProject section */
		299AD8DC231EE76200CC6932 /* Project object */ = {
			isa = PBXProject;
			attributes = {
				LastSwiftUpdateCheck = 1030;
				LastUpgradeCheck = 1030;
				ORGANIZATIONNAME = murakammm;
				TargetAttributes = {
					299AD8E3231EE76200CC6932 = {
						CreatedOnToolsVersion = 10.3;
					};
					299AD8F7231EE76300CC6932 = {
						CreatedOnToolsVersion = 10.3;
						TestTargetID = 299AD8E3231EE76200CC6932;
					};
					299AD902231EE76300CC6932 = {
						CreatedOnToolsVersion = 10.3;
						TestTargetID = 299AD8E3231EE76200CC6932;
					};
				};
			};
			buildConfigurationList = 299AD8DF231EE76200CC6932 /* Build configuration list for PBXProject "CurrencyLayeriOS" */;
			compatibilityVersion = "Xcode 9.3";
			developmentRegion = en;
			hasScannedForEncodings = 0;
			knownRegions = (
				en,
				Base,
			);
			mainGroup = 299AD8DB231EE76200CC6932;
			productRefGroup = 299AD8E5231EE76200CC6932 /* Products */;
			projectDirPath = "";
			projectRoot = "";
			targets = (
				299AD8E3231EE76200CC6932 /* CurrencyLayeriOS */,
				299AD8F7231EE76300CC6932 /* CurrencyLayeriOSTests */,
				299AD902231EE76300CC6932 /* CurrencyLayeriOSUITests */,
			);
		};
/* End PBXProject section */

/* Begin PBXResourcesBuildPhase section */
		299AD8E2231EE76200CC6932 /* Resources */ = {
			isa = PBXResourcesBuildPhase;
			buildActionMask = 2147483647;
			files = (
				299AD931231F42D300CC6932 /* CurrencyCell.xib in Resources */,
				299AD8F2231EE76300CC6932 /* LaunchScreen.storyboard in Resources */,
				299AD8EF231EE76300CC6932 /* Assets.xcassets in Resources */,
				299AD8ED231EE76200CC6932 /* Main.storyboard in Resources */,
			);
			runOnlyForDeploymentPostprocessing = 0;
		};
		299AD8F6231EE76300CC6932 /* Resources */ = {
			isa = PBXResourcesBuildPhase;
			buildActionMask = 2147483647;
			files = (
			);
			runOnlyForDeploymentPostprocessing = 0;
		};
		299AD901231EE76300CC6932 /* Resources */ = {
			isa = PBXResourcesBuildPhase;
			buildActionMask = 2147483647;
			files = (
			);
			runOnlyForDeploymentPostprocessing = 0;
		};
/* End PBXResourcesBuildPhase section */

/* Begin PBXShellScriptBuildPhase section */
		299AD91A231F047800CC6932 /* Carthage */ = {
			isa = PBXShellScriptBuildPhase;
			buildActionMask = 2147483647;
			files = (
			);
			inputFileListPaths = (
				"$(SRCROOT)/input.xcfilelist",
			);
			inputPaths = (
			);
			name = Carthage;
			outputFileListPaths = (
				"$(SRCROOT)/output.xcfilelist",
			);
			outputPaths = (
			);
			runOnlyForDeploymentPostprocessing = 0;
			shellPath = /bin/sh;
			shellScript = "/usr/local/bin/carthage copy-frameworks\n";
		};
/* End PBXShellScriptBuildPhase section */

/* Begin PBXSourcesBuildPhase section */
		299AD8E0231EE76200CC6932 /* Sources */ = {
			isa = PBXSourcesBuildPhase;
			buildActionMask = 2147483647;
			files = (
				299AD92F231F42C500CC6932 /* CurrencyCell.swift in Sources */,
				299AD927231F225300CC6932 /* LIveRepository.swift in Sources */,
				299AD933231F6B2800CC6932 /* CurrencyService.swift in Sources */,
				299AD8EA231EE76200CC6932 /* ViewController.swift in Sources */,
				299AD917231EE90A00CC6932 /* CurrencyListAPI.swift in Sources */,
				299AD935231F6B4500CC6932 /* MainViewModel.swift in Sources */,
				299AD93723212FDC00CC6932 /* LocalCache.swift in Sources */,
				299AD8E8231EE76200CC6932 /* AppDelegate.swift in Sources */,
				299AD925231F21F200CC6932 /* ListRepository.swift in Sources */,
				299AD929231F22A000CC6932 /* CurrencyLiveAPI.swift in Sources */,
				299AD92B231F22F500CC6932 /* APIError.swift in Sources */,
			);
			runOnlyForDeploymentPostprocessing = 0;
		};
		299AD8F4231EE76300CC6932 /* Sources */ = {
			isa = PBXSourcesBuildPhase;
			buildActionMask = 2147483647;
			files = (
				299AD93B2321484400CC6932 /* ExchangeTests.swift in Sources */,
				299AD9392321466400CC6932 /* QuoteTests.swift in Sources */,
				299AD8FD231EE76300CC6932 /* MainViewModelTests.swift in Sources */,
			);
			runOnlyForDeploymentPostprocessing = 0;
		};
		299AD8FF231EE76300CC6932 /* Sources */ = {
			isa = PBXSourcesBuildPhase;
			buildActionMask = 2147483647;
			files = (
				299AD908231EE76300CC6932 /* CurrencyLayeriOSUITests.swift in Sources */,
			);
			runOnlyForDeploymentPostprocessing = 0;
		};
/* End PBXSourcesBuildPhase section */

/* Begin PBXTargetDependency section */
		299AD8FA231EE76300CC6932 /* PBXTargetDependency */ = {
			isa = PBXTargetDependency;
			target = 299AD8E3231EE76200CC6932 /* CurrencyLayeriOS */;
			targetProxy = 299AD8F9231EE76300CC6932 /* PBXContainerItemProxy */;
		};
		299AD905231EE76300CC6932 /* PBXTargetDependency */ = {
			isa = PBXTargetDependency;
			target = 299AD8E3231EE76200CC6932 /* CurrencyLayeriOS */;
			targetProxy = 299AD904231EE76300CC6932 /* PBXContainerItemProxy */;
		};
/* End PBXTargetDependency section */

/* Begin PBXVariantGroup section */
		299AD8EB231EE76200CC6932 /* Main.storyboard */ = {
			isa = PBXVariantGroup;
			children = (
				299AD8EC231EE76200CC6932 /* Base */,
			);
			name = Main.storyboard;
			sourceTree = "<group>";
		};
		299AD8F0231EE76300CC6932 /* LaunchScreen.storyboard */ = {
			isa = PBXVariantGroup;
			children = (
				299AD8F1231EE76300CC6932 /* Base */,
			);
			name = LaunchScreen.storyboard;
			sourceTree = "<group>";
		};
/* End PBXVariantGroup section */

/* Begin XCBuildConfiguration section */
		299AD90A231EE76300CC6932 /* Debug */ = {
			isa = XCBuildConfiguration;
			buildSettings = {
				ALWAYS_SEARCH_USER_PATHS = NO;
				CLANG_ANALYZER_NONNULL = YES;
				CLANG_ANALYZER_NUMBER_OBJECT_CONVERSION = YES_AGGRESSIVE;
				CLANG_CXX_LANGUAGE_STANDARD = "gnu++14";
				CLANG_CXX_LIBRARY = "libc++";
				CLANG_ENABLE_MODULES = YES;
				CLANG_ENABLE_OBJC_ARC = YES;
				CLANG_ENABLE_OBJC_WEAK = YES;
				CLANG_WARN_BLOCK_CAPTURE_AUTORELEASING = YES;
				CLANG_WARN_BOOL_CONVERSION = YES;
				CLANG_WARN_COMMA = YES;
				CLANG_WARN_CONSTANT_CONVERSION = YES;
				CLANG_WARN_DEPRECATED_OBJC_IMPLEMENTATIONS = YES;
				CLANG_WARN_DIRECT_OBJC_ISA_USAGE = YES_ERROR;
				CLANG_WARN_DOCUMENTATION_COMMENTS = YES;
				CLANG_WARN_EMPTY_BODY = YES;
				CLANG_WARN_ENUM_CONVERSION = YES;
				CLANG_WARN_INFINITE_RECURSION = YES;
				CLANG_WARN_INT_CONVERSION = YES;
				CLANG_WARN_NON_LITERAL_NULL_CONVERSION = YES;
				CLANG_WARN_OBJC_IMPLICIT_RETAIN_SELF = YES;
				CLANG_WARN_OBJC_LITERAL_CONVERSION = YES;
				CLANG_WARN_OBJC_ROOT_CLASS = YES_ERROR;
				CLANG_WARN_RANGE_LOOP_ANALYSIS = YES;
				CLANG_WARN_STRICT_PROTOTYPES = YES;
				CLANG_WARN_SUSPICIOUS_MOVE = YES;
				CLANG_WARN_UNGUARDED_AVAILABILITY = YES_AGGRESSIVE;
				CLANG_WARN_UNREACHABLE_CODE = YES;
				CLANG_WARN__DUPLICATE_METHOD_MATCH = YES;
				CODE_SIGN_IDENTITY = "iPhone Developer";
				COPY_PHASE_STRIP = NO;
				DEBUG_INFORMATION_FORMAT = dwarf;
				ENABLE_STRICT_OBJC_MSGSEND = YES;
				ENABLE_TESTABILITY = YES;
				GCC_C_LANGUAGE_STANDARD = gnu11;
				GCC_DYNAMIC_NO_PIC = NO;
				GCC_NO_COMMON_BLOCKS = YES;
				GCC_OPTIMIZATION_LEVEL = 0;
				GCC_PREPROCESSOR_DEFINITIONS = (
					"DEBUG=1",
					"$(inherited)",
				);
				GCC_WARN_64_TO_32_BIT_CONVERSION = YES;
				GCC_WARN_ABOUT_RETURN_TYPE = YES_ERROR;
				GCC_WARN_UNDECLARED_SELECTOR = YES;
				GCC_WARN_UNINITIALIZED_AUTOS = YES_AGGRESSIVE;
				GCC_WARN_UNUSED_FUNCTION = YES;
				GCC_WARN_UNUSED_VARIABLE = YES;
				IPHONEOS_DEPLOYMENT_TARGET = 12.4;
				MTL_ENABLE_DEBUG_INFO = INCLUDE_SOURCE;
				MTL_FAST_MATH = YES;
				ONLY_ACTIVE_ARCH = YES;
				SDKROOT = iphoneos;
				SWIFT_ACTIVE_COMPILATION_CONDITIONS = DEBUG;
				SWIFT_OPTIMIZATION_LEVEL = "-Onone";
			};
			name = Debug;
		};
		299AD90B231EE76300CC6932 /* Release */ = {
			isa = XCBuildConfiguration;
			buildSettings = {
				ALWAYS_SEARCH_USER_PATHS = NO;
				CLANG_ANALYZER_NONNULL = YES;
				CLANG_ANALYZER_NUMBER_OBJECT_CONVERSION = YES_AGGRESSIVE;
				CLANG_CXX_LANGUAGE_STANDARD = "gnu++14";
				CLANG_CXX_LIBRARY = "libc++";
				CLANG_ENABLE_MODULES = YES;
				CLANG_ENABLE_OBJC_ARC = YES;
				CLANG_ENABLE_OBJC_WEAK = YES;
				CLANG_WARN_BLOCK_CAPTURE_AUTORELEASING = YES;
				CLANG_WARN_BOOL_CONVERSION = YES;
				CLANG_WARN_COMMA = YES;
				CLANG_WARN_CONSTANT_CONVERSION = YES;
				CLANG_WARN_DEPRECATED_OBJC_IMPLEMENTATIONS = YES;
				CLANG_WARN_DIRECT_OBJC_ISA_USAGE = YES_ERROR;
				CLANG_WARN_DOCUMENTATION_COMMENTS = YES;
				CLANG_WARN_EMPTY_BODY = YES;
				CLANG_WARN_ENUM_CONVERSION = YES;
				CLANG_WARN_INFINITE_RECURSION = YES;
				CLANG_WARN_INT_CONVERSION = YES;
				CLANG_WARN_NON_LITERAL_NULL_CONVERSION = YES;
				CLANG_WARN_OBJC_IMPLICIT_RETAIN_SELF = YES;
				CLANG_WARN_OBJC_LITERAL_CONVERSION = YES;
				CLANG_WARN_OBJC_ROOT_CLASS = YES_ERROR;
				CLANG_WARN_RANGE_LOOP_ANALYSIS = YES;
				CLANG_WARN_STRICT_PROTOTYPES = YES;
				CLANG_WARN_SUSPICIOUS_MOVE = YES;
				CLANG_WARN_UNGUARDED_AVAILABILITY = YES_AGGRESSIVE;
				CLANG_WARN_UNREACHABLE_CODE = YES;
				CLANG_WARN__DUPLICATE_METHOD_MATCH = YES;
				CODE_SIGN_IDENTITY = "iPhone Developer";
				COPY_PHASE_STRIP = NO;
				DEBUG_INFORMATION_FORMAT = "dwarf-with-dsym";
				ENABLE_NS_ASSERTIONS = NO;
				ENABLE_STRICT_OBJC_MSGSEND = YES;
				GCC_C_LANGUAGE_STANDARD = gnu11;
				GCC_NO_COMMON_BLOCKS = YES;
				GCC_WARN_64_TO_32_BIT_CONVERSION = YES;
				GCC_WARN_ABOUT_RETURN_TYPE = YES_ERROR;
				GCC_WARN_UNDECLARED_SELECTOR = YES;
				GCC_WARN_UNINITIALIZED_AUTOS = YES_AGGRESSIVE;
				GCC_WARN_UNUSED_FUNCTION = YES;
				GCC_WARN_UNUSED_VARIABLE = YES;
				IPHONEOS_DEPLOYMENT_TARGET = 12.4;
				MTL_ENABLE_DEBUG_INFO = NO;
				MTL_FAST_MATH = YES;
				SDKROOT = iphoneos;
				SWIFT_COMPILATION_MODE = wholemodule;
				SWIFT_OPTIMIZATION_LEVEL = "-O";
				VALIDATE_PRODUCT = YES;
			};
			name = Release;
		};
		299AD90D231EE76300CC6932 /* Debug */ = {
			isa = XCBuildConfiguration;
			buildSettings = {
				ASSETCATALOG_COMPILER_APPICON_NAME = AppIcon;
				CODE_SIGN_STYLE = Automatic;
				DEVELOPMENT_TEAM = AFZF43X7V9;
				FRAMEWORK_SEARCH_PATHS = (
					"$(inherited)",
					"$(PROJECT_DIR)/Carthage/Build/iOS",
				);
				INFOPLIST_FILE = CurrencyLayeriOS/Info.plist;
				LD_RUNPATH_SEARCH_PATHS = (
					"$(inherited)",
					"@executable_path/Frameworks",
				);
				PRODUCT_BUNDLE_IDENTIFIER = com.murakammm.CurrencyLayeriOS;
				PRODUCT_NAME = "$(TARGET_NAME)";
				SWIFT_VERSION = 5.0;
				TARGETED_DEVICE_FAMILY = "1,2";
			};
			name = Debug;
		};
		299AD90E231EE76300CC6932 /* Release */ = {
			isa = XCBuildConfiguration;
			buildSettings = {
				ASSETCATALOG_COMPILER_APPICON_NAME = AppIcon;
				CODE_SIGN_STYLE = Automatic;
				DEVELOPMENT_TEAM = AFZF43X7V9;
				FRAMEWORK_SEARCH_PATHS = (
					"$(inherited)",
					"$(PROJECT_DIR)/Carthage/Build/iOS",
				);
				INFOPLIST_FILE = CurrencyLayeriOS/Info.plist;
				LD_RUNPATH_SEARCH_PATHS = (
					"$(inherited)",
					"@executable_path/Frameworks",
				);
				PRODUCT_BUNDLE_IDENTIFIER = com.murakammm.CurrencyLayeriOS;
				PRODUCT_NAME = "$(TARGET_NAME)";
				SWIFT_VERSION = 5.0;
				TARGETED_DEVICE_FAMILY = "1,2";
			};
			name = Release;
		};
		299AD910231EE76300CC6932 /* Debug */ = {
			isa = XCBuildConfiguration;
			buildSettings = {
				ALWAYS_EMBED_SWIFT_STANDARD_LIBRARIES = YES;
				BUNDLE_LOADER = "$(TEST_HOST)";
				CODE_SIGN_STYLE = Automatic;
				DEVELOPMENT_TEAM = AFZF43X7V9;
				FRAMEWORK_SEARCH_PATHS = (
					"$(inherited)",
					"$(PROJECT_DIR)/Carthage/Build/iOS",
				);
				INFOPLIST_FILE = CurrencyLayeriOSTests/Info.plist;
				LD_RUNPATH_SEARCH_PATHS = (
					"$(inherited)",
					"@executable_path/Frameworks",
					"@loader_path/Frameworks",
				);
				PRODUCT_BUNDLE_IDENTIFIER = com.murakammm.CurrencyLayeriOSTests;
				PRODUCT_NAME = "$(TARGET_NAME)";
				SWIFT_VERSION = 5.0;
				TARGETED_DEVICE_FAMILY = "1,2";
				TEST_HOST = "$(BUILT_PRODUCTS_DIR)/CurrencyLayeriOS.app/CurrencyLayeriOS";
			};
			name = Debug;
		};
		299AD911231EE76300CC6932 /* Release */ = {
			isa = XCBuildConfiguration;
			buildSettings = {
				ALWAYS_EMBED_SWIFT_STANDARD_LIBRARIES = YES;
				BUNDLE_LOADER = "$(TEST_HOST)";
				CODE_SIGN_STYLE = Automatic;
				DEVELOPMENT_TEAM = AFZF43X7V9;
				FRAMEWORK_SEARCH_PATHS = (
					"$(inherited)",
					"$(PROJECT_DIR)/Carthage/Build/iOS",
				);
				INFOPLIST_FILE = CurrencyLayeriOSTests/Info.plist;
				LD_RUNPATH_SEARCH_PATHS = (
					"$(inherited)",
					"@executable_path/Frameworks",
					"@loader_path/Frameworks",
				);
				PRODUCT_BUNDLE_IDENTIFIER = com.murakammm.CurrencyLayeriOSTests;
				PRODUCT_NAME = "$(TARGET_NAME)";
				SWIFT_VERSION = 5.0;
				TARGETED_DEVICE_FAMILY = "1,2";
				TEST_HOST = "$(BUILT_PRODUCTS_DIR)/CurrencyLayeriOS.app/CurrencyLayeriOS";
			};
			name = Release;
		};
		299AD913231EE76300CC6932 /* Debug */ = {
			isa = XCBuildConfiguration;
			buildSettings = {
				ALWAYS_EMBED_SWIFT_STANDARD_LIBRARIES = YES;
				CODE_SIGN_STYLE = Automatic;
				DEVELOPMENT_TEAM = AFZF43X7V9;
				INFOPLIST_FILE = CurrencyLayeriOSUITests/Info.plist;
				LD_RUNPATH_SEARCH_PATHS = (
					"$(inherited)",
					"@executable_path/Frameworks",
					"@loader_path/Frameworks",
				);
				PRODUCT_BUNDLE_IDENTIFIER = com.murakammm.CurrencyLayeriOSUITests;
				PRODUCT_NAME = "$(TARGET_NAME)";
				SWIFT_VERSION = 5.0;
				TARGETED_DEVICE_FAMILY = "1,2";
				TEST_TARGET_NAME = CurrencyLayeriOS;
			};
			name = Debug;
		};
		299AD914231EE76300CC6932 /* Release */ = {
			isa = XCBuildConfiguration;
			buildSettings = {
				ALWAYS_EMBED_SWIFT_STANDARD_LIBRARIES = YES;
				CODE_SIGN_STYLE = Automatic;
				DEVELOPMENT_TEAM = AFZF43X7V9;
				INFOPLIST_FILE = CurrencyLayeriOSUITests/Info.plist;
				LD_RUNPATH_SEARCH_PATHS = (
					"$(inherited)",
					"@executable_path/Frameworks",
					"@loader_path/Frameworks",
				);
				PRODUCT_BUNDLE_IDENTIFIER = com.murakammm.CurrencyLayeriOSUITests;
				PRODUCT_NAME = "$(TARGET_NAME)";
				SWIFT_VERSION = 5.0;
				TARGETED_DEVICE_FAMILY = "1,2";
				TEST_TARGET_NAME = CurrencyLayeriOS;
			};
			name = Release;
		};
/* End XCBuildConfiguration section */

/* Begin XCConfigurationList section */
		299AD8DF231EE76200CC6932 /* Build configuration list for PBXProject "CurrencyLayeriOS" */ = {
			isa = XCConfigurationList;
			buildConfigurations = (
				299AD90A231EE76300CC6932 /* Debug */,
				299AD90B231EE76300CC6932 /* Release */,
			);
			defaultConfigurationIsVisible = 0;
			defaultConfigurationName = Release;
		};
		299AD90C231EE76300CC6932 /* Build configuration list for PBXNativeTarget "CurrencyLayeriOS" */ = {
			isa = XCConfigurationList;
			buildConfigurations = (
				299AD90D231EE76300CC6932 /* Debug */,
				299AD90E231EE76300CC6932 /* Release */,
			);
			defaultConfigurationIsVisible = 0;
			defaultConfigurationName = Release;
		};
		299AD90F231EE76300CC6932 /* Build configuration list for PBXNativeTarget "CurrencyLayeriOSTests" */ = {
			isa = XCConfigurationList;
			buildConfigurations = (
				299AD910231EE76300CC6932 /* Debug */,
				299AD911231EE76300CC6932 /* Release */,
			);
			defaultConfigurationIsVisible = 0;
			defaultConfigurationName = Release;
		};
		299AD912231EE76300CC6932 /* Build configuration list for PBXNativeTarget "CurrencyLayeriOSUITests" */ = {
			isa = XCConfigurationList;
			buildConfigurations = (
				299AD913231EE76300CC6932 /* Debug */,
				299AD914231EE76300CC6932 /* Release */,
			);
			defaultConfigurationIsVisible = 0;
			defaultConfigurationName = Release;
		};
/* End XCConfigurationList section */
	};
	rootObject = 299AD8DC231EE76200CC6932 /* Project object */;
}
